
Microsoft Visual Studio Solution File, Format Version 12.00
# Visual Studio Version 17
VisualStudioVersion = 17.5.33424.131
MinimumVisualStudioVersion = 10.0.40219.1
Project("{FAE04EC0-301F-11D3-BF4B-00C04F79EFBC}") = "Laboratorio03", "Laboratorio03\Laboratorio03.csproj", "{04A465E1-285B-4F19-AF0C-575EDCE47DAE}"
EndProject
Project("{FAE04EC0-301F-11D3-BF4B-00C04F79EFBC}") = "Laboratorio03-02", "Laboratorio03-02\Laboratorio03-02.csproj", "{A115AF6B-6E50-4722-84EE-04B6EE7981F3}"
EndProject
Global
	GlobalSection(SolutionConfigurationPlatforms) = preSolution
		Debug|Any CPU = Debug|Any CPU
		Release|Any CPU = Release|Any CPU
	EndGlobalSection
	GlobalSection(ProjectConfigurationPlatforms) = postSolution
		{04A465E1-285B-4F19-AF0C-575EDCE47DAE}.Debug|Any CPU.ActiveCfg = Debug|Any CPU
		{04A465E1-285B-4F19-AF0C-575EDCE47DAE}.Debug|Any CPU.Build.0 = Debug|Any CPU
		{04A465E1-285B-4F19-AF0C-575EDCE47DAE}.Release|Any CPU.ActiveCfg = Release|Any CPU
		{04A465E1-285B-4F19-AF0C-575EDCE47DAE}.Release|Any CPU.Build.0 = Release|Any CPU
		{A115AF6B-6E50-4722-84EE-04B6EE7981F3}.Debug|Any CPU.ActiveCfg = Debug|Any CPU
		{A115AF6B-6E50-4722-84EE-04B6EE7981F3}.Debug|Any CPU.Build.0 = Debug|Any CPU
		{A115AF6B-6E50-4722-84EE-04B6EE7981F3}.Release|Any CPU.ActiveCfg = Release|Any CPU
		{A115AF6B-6E50-4722-84EE-04B6EE7981F3}.Release|Any CPU.Build.0 = Release|Any CPU
	EndGlobalSection
	GlobalSection(SolutionProperties) = preSolution
		HideSolutionNode = FALSE
	EndGlobalSection
	GlobalSection(ExtensibilityGlobals) = postSolution
		SolutionGuid = {8FE5DD5F-7507-4EE0-AAFF-9B82872442A4}
	EndGlobalSection
EndGlobal
